
Microsoft Visual Studio Solution File, Format Version 12.00
# Visual Studio Version 17
VisualStudioVersion = 17.14.37516.0 d17.14
MinimumVisualStudioVersion = 10.0.40219.1
Project("{8BC9CEB8-8B4A-11D0-8D11-00A0C91BC942}") = "06_shared_memory_matmul", "06_shared_memory_matmul\06_shared_memory_matmul.vcxproj", "{2B58F94C-B24C-D5B1-69F9-0FEB7FA53A18}"
EndProject
Global
	GlobalSection(SolutionConfigurationPlatforms) = preSolution
		Debug|x64 = Debug|x64
		Release|x64 = Release|x64
	EndGlobalSection
	GlobalSection(ProjectConfigurationPlatforms) = postSolution
		{2B58F94C-B24C-D5B1-69F9-0FEB7FA53A18}.Debug|x64.ActiveCfg = Debug|x64
		{2B58F94C-B24C-D5B1-69F9-0FEB7FA53A18}.Debug|x64.Build.0 = Debug|x64
		{2B58F94C-B24C-D5B1-69F9-0FEB7FA53A18}.Release|x64.ActiveCfg = Release|x64
		{2B58F94C-B24C-D5B1-69F9-0FEB7FA53A18}.Release|x64.Build.0 = Release|x64
	EndGlobalSection
	GlobalSection(SolutionProperties) = preSolution
		HideSolutionNode = FALSE
	EndGlobalSection
	GlobalSection(ExtensibilityGlobals) = postSolution
		SolutionGuid = {05470BCE-2690-4374-ADC8-1F47A18C66DA}
	EndGlobalSection
EndGlobal
